lockfileVersion: '6.0'

settings:
  autoInstallPeers: true
  excludeLinksFromLockfile: false

dependencies:
  '@intlify/unplugin-vue-i18n':
    specifier: ^1.5.0
    version: 1.5.0(vue-i18n@9.7.0)
  '@tauri-apps/api':
    specifier: ^1.5.1
    version: 1.5.1
  chart.js:
    specifier: ^4.4.0
    version: 4.4.0
  primeflex:
    specifier: ^3.3.1
    version: 3.3.1
  primeicons:
    specifier: ^6.0.1
    version: 6.0.1
  primevue:
    specifier: ^3.40.1
    version: 3.40.1(vue@3.3.8)
  vue:
    specifier: ^3.3.8
    version: 3.3.8(typescript@5.2.2)
  vue-i18n:
    specifier: ^9.7.0
    version: 9.7.0(vue@3.3.8)
  vue-router:
    specifier: ^4.2.5
    version: 4.2.5(vue@3.3.8)

devDependencies:
  '@tauri-apps/cli':
    specifier: ^1.5.6
    version: 1.5.6
  '@types/node':
    specifier: ^20.9.1
    version: 20.9.1
  '@vitejs/plugin-vue':
    specifier: ^4.5.0
    version: 4.5.0(vite@5.0.0)(vue@3.3.8)
  typescript:
    specifier: ^5.2.2
    version: 5.2.2
  vite:
    specifier: ^5.0.0
    version: 5.0.0(@types/node@20.9.1)
  vue-tsc:
    specifier: ^1.8.22
    version: 1.8.22(typescript@5.2.2)

packages:

  /@babel/helper-string-parser@7.22.5:
    resolution: {integrity: sha512-mM4COjgZox8U+JcXQwPijIZLElkgEpO5rsERVDJTc2qfCDfERyob6k5WegS14SX18IIjv+XD+GrqNumY5JRCDw==}
    engines: {node: '>=6.9.0'}

  /@babel/helper-validator-identifier@7.22.5:
    resolution: {integrity: sha512-aJXu+6lErq8ltp+JhkJUfk1MTGyuA4v7f3pA+BJ5HLfNC6nAQ0Cpi9uOquUj8Hehg0aUiHzWQbOVJGao6ztBAQ==}
    engines: {node: '>=6.9.0'}

  /@babel/parser@7.22.11:
    resolution: {integrity: sha512-R5zb8eJIBPJriQtbH/htEQy4k7E2dHWlD2Y2VT07JCzwYZHBxV5ZYtM0UhXSNMT74LyxuM+b1jdL7pSesXbC/g==}
    engines: {node: '>=6.0.0'}
    hasBin: true
    dependencies:
      '@babel/types': 7.22.11

  /@babel/parser@7.23.3:
    resolution: {integrity: sha512-uVsWNvlVsIninV2prNz/3lHCb+5CJ+e+IUBfbjToAHODtfGYLfCFuY4AU7TskI+dAKk+njsPiBjq1gKTvZOBaw==}
    engines: {node: '>=6.0.0'}
    hasBin: true
    dependencies:
      '@babel/types': 7.22.11

  /@babel/types@7.22.11:
    resolution: {integrity: sha512-siazHiGuZRz9aB9NpHy9GOs9xiQPKnMzgdr493iI1M67vRXpnEq8ZOOKzezC5q7zwuQ6sDhdSp4SD9ixKSqKZg==}
    engines: {node: '>=6.9.0'}
    dependencies:
      '@babel/helper-string-parser': 7.22.5
      '@babel/helper-validator-identifier': 7.22.5
      to-fast-properties: 2.0.0

  /@esbuild/android-arm64@0.19.5:
    resolution: {integrity: sha512-5d1OkoJxnYQfmC+Zd8NBFjkhyCNYwM4n9ODrycTFY6Jk1IGiZ+tjVJDDSwDt77nK+tfpGP4T50iMtVi4dEGzhQ==}
    engines: {node: '>=12'}
    cpu: [arm64]
    os: [android]
    requiresBuild: true
    dev: true
    optional: true

  /@esbuild/android-arm@0.19.5:
    resolution: {integrity: sha512-bhvbzWFF3CwMs5tbjf3ObfGqbl/17ict2/uwOSfr3wmxDE6VdS2GqY/FuzIPe0q0bdhj65zQsvqfArI9MY6+AA==}
    engines: {node: '>=12'}
    cpu: [arm]
    os: [android]
    requiresBuild: true
    dev: true
    optional: true

  /@esbuild/android-x64@0.19.5:
    resolution: {integrity: sha512-9t+28jHGL7uBdkBjL90QFxe7DVA+KGqWlHCF8ChTKyaKO//VLuoBricQCgwhOjA1/qOczsw843Fy4cbs4H3DVA==}
    engines: {node: '>=12'}
    cpu: [x64]
    os: [android]
    requiresBuild: true
    dev: true
    optional: true

  /@esbuild/darwin-arm64@0.19.5:
    resolution: {integrity: sha512-mvXGcKqqIqyKoxq26qEDPHJuBYUA5KizJncKOAf9eJQez+L9O+KfvNFu6nl7SCZ/gFb2QPaRqqmG0doSWlgkqw==}
    engines: {node: '>=12'}
    cpu: [arm64]
    os: [darwin]
    requiresBuild: true
    dev: true
    optional: true

  /@esbuild/darwin-x64@0.19.5:
    resolution: {integrity: sha512-Ly8cn6fGLNet19s0X4unjcniX24I0RqjPv+kurpXabZYSXGM4Pwpmf85WHJN3lAgB8GSth7s5A0r856S+4DyiA==}
    engines: {node: '>=12'}
    cpu: [x64]
    os: [darwin]
    requiresBuild: true
    dev: true
    optional: true

  /@esbuild/freebsd-arm64@0.19.5:
    resolution: {integrity: sha512-GGDNnPWTmWE+DMchq1W8Sd0mUkL+APvJg3b11klSGUDvRXh70JqLAO56tubmq1s2cgpVCSKYywEiKBfju8JztQ==}
    engines: {node: '>=12'}
    cpu: [arm64]
    os: [freebsd]
    requiresBuild: true
    dev: true
    optional: true

  /@esbuild/freebsd-x64@0.19.5:
    resolution: {integrity: sha512-1CCwDHnSSoA0HNwdfoNY0jLfJpd7ygaLAp5EHFos3VWJCRX9DMwWODf96s9TSse39Br7oOTLryRVmBoFwXbuuQ==}
    engines: {node: '>=12'}
    cpu: [x64]
    os: [freebsd]
    requiresBuild: true
    dev: true
    optional: true

  /@esbuild/linux-arm64@0.19.5:
    resolution: {integrity: sha512-o3vYippBmSrjjQUCEEiTZ2l+4yC0pVJD/Dl57WfPwwlvFkrxoSO7rmBZFii6kQB3Wrn/6GwJUPLU5t52eq2meA==}
    engines: {node: '>=12'}
    cpu: [arm64]
    os: [linux]
    requiresBuild: true
    dev: true
    optional: true

  /@esbuild/linux-arm@0.19.5:
    resolution: {integrity: sha512-lrWXLY/vJBzCPC51QN0HM71uWgIEpGSjSZZADQhq7DKhPcI6NH1IdzjfHkDQws2oNpJKpR13kv7/pFHBbDQDwQ==}
    engines: {node: '>=12'}
    cpu: [arm]
    os: [linux]
    requiresBuild: true
    dev: true
    optional: true

  /@esbuild/linux-ia32@0.19.5:
    resolution: {integrity: sha512-MkjHXS03AXAkNp1KKkhSKPOCYztRtK+KXDNkBa6P78F8Bw0ynknCSClO/ztGszILZtyO/lVKpa7MolbBZ6oJtQ==}
    engines: {node: '>=12'}
    cpu: [ia32]
    os: [linux]
    requiresBuild: true
    dev: true
    optional: true

  /@esbuild/linux-loong64@0.19.5:
    resolution: {integrity: sha512-42GwZMm5oYOD/JHqHska3Jg0r+XFb/fdZRX+WjADm3nLWLcIsN27YKtqxzQmGNJgu0AyXg4HtcSK9HuOk3v1Dw==}
    engines: {node: '>=12'}
    cpu: [loong64]
    os: [linux]
    requiresBuild: true
    dev: true
    optional: true

  /@esbuild/linux-mips64el@0.19.5:
    resolution: {integrity: sha512-kcjndCSMitUuPJobWCnwQ9lLjiLZUR3QLQmlgaBfMX23UEa7ZOrtufnRds+6WZtIS9HdTXqND4yH8NLoVVIkcg==}
    engines: {node: '>=12'}
    cpu: [mips64el]
    os: [linux]
    requiresBuild: true
    dev: true
    optional: true

  /@esbuild/linux-ppc64@0.19.5:
    resolution: {integrity: sha512-yJAxJfHVm0ZbsiljbtFFP1BQKLc8kUF6+17tjQ78QjqjAQDnhULWiTA6u0FCDmYT1oOKS9PzZ2z0aBI+Mcyj7Q==}
    engines: {node: '>=12'}
    cpu: [ppc64]
    os: [linux]
    requiresBuild: true
    dev: true
    optional: true

  /@esbuild/linux-riscv64@0.19.5:
    resolution: {integrity: sha512-5u8cIR/t3gaD6ad3wNt1MNRstAZO+aNyBxu2We8X31bA8XUNyamTVQwLDA1SLoPCUehNCymhBhK3Qim1433Zag==}
    engines: {node: '>=12'}
    cpu: [riscv64]
    os: [linux]
    requiresBuild: true
    dev: true
    optional: true

  /@esbuild/linux-s390x@0.19.5:
    resolution: {integrity: sha512-Z6JrMyEw/EmZBD/OFEFpb+gao9xJ59ATsoTNlj39jVBbXqoZm4Xntu6wVmGPB/OATi1uk/DB+yeDPv2E8PqZGw==}
    engines: {node: '>=12'}
    cpu: [s390x]
    os: [linux]
    requiresBuild: true
    dev: true
    optional: true

  /@esbuild/linux-x64@0.19.5:
    resolution: {integrity: sha512-psagl+2RlK1z8zWZOmVdImisMtrUxvwereIdyJTmtmHahJTKb64pAcqoPlx6CewPdvGvUKe2Jw+0Z/0qhSbG1A==}
    engines: {node: '>=12'}
    cpu: [x64]
    os: [linux]
    requiresBuild: true
    dev: true
    optional: true

  /@esbuild/netbsd-x64@0.19.5:
    resolution: {integrity: sha512-kL2l+xScnAy/E/3119OggX8SrWyBEcqAh8aOY1gr4gPvw76la2GlD4Ymf832UCVbmuWeTf2adkZDK+h0Z/fB4g==}
    engines: {node: '>=12'}
    cpu: [x64]
    os: [netbsd]
    requiresBuild: true
    dev: true
    optional: true

  /@esbuild/openbsd-x64@0.19.5:
    resolution: {integrity: sha512-sPOfhtzFufQfTBgRnE1DIJjzsXukKSvZxloZbkJDG383q0awVAq600pc1nfqBcl0ice/WN9p4qLc39WhBShRTA==}
    engines: {node: '>=12'}
    cpu: [x64]
    os: [openbsd]
    requiresBuild: true
    dev: true
    optional: true

  /@esbuild/sunos-x64@0.19.5:
    resolution: {integrity: sha512-dGZkBXaafuKLpDSjKcB0ax0FL36YXCvJNnztjKV+6CO82tTYVDSH2lifitJ29jxRMoUhgkg9a+VA/B03WK5lcg==}
    engines: {node: '>=12'}
    cpu: [x64]
    os: [sunos]
    requiresBuild: true
    dev: true
    optional: true

  /@esbuild/win32-arm64@0.19.5:
    resolution: {integrity: sha512-dWVjD9y03ilhdRQ6Xig1NWNgfLtf2o/STKTS+eZuF90fI2BhbwD6WlaiCGKptlqXlURVB5AUOxUj09LuwKGDTg==}
    engines: {node: '>=12'}
    cpu: [arm64]
    os: [win32]
    requiresBuild: true
    dev: true
    optional: true

  /@esbuild/win32-ia32@0.19.5:
    resolution: {integrity: sha512-4liggWIA4oDgUxqpZwrDhmEfAH4d0iljanDOK7AnVU89T6CzHon/ony8C5LeOdfgx60x5cnQJFZwEydVlYx4iw==}
    engines: {node: '>=12'}
    cpu: [ia32]
    os: [win32]
    requiresBuild: true
    dev: true
    optional: true

  /@esbuild/win32-x64@0.19.5:
    resolution: {integrity: sha512-czTrygUsB/jlM8qEW5MD8bgYU2Xg14lo6kBDXW6HdxKjh8M5PzETGiSHaz9MtbXBYDloHNUAUW2tMiKW4KM9Mw==}
    engines: {node: '>=12'}
    cpu: [x64]
    os: [win32]
    requiresBuild: true
    dev: true
    optional: true

  /@intlify/bundle-utils@7.4.0(vue-i18n@9.7.0):
    resolution: {integrity: sha512-AQfjBe2HUxzyN8ignIk3WhhSuVcSuirgzOzkd17nb337rCbI4Gv/t1R60UUyIqFoFdviLb/wLcDUzTD/xXjv9w==}
    engines: {node: '>= 14.16'}
    peerDependencies:
      petite-vue-i18n: '*'
      vue-i18n: '*'
    peerDependenciesMeta:
      petite-vue-i18n:
        optional: true
      vue-i18n:
        optional: true
    dependencies:
      '@intlify/message-compiler': 9.7.0
      '@intlify/shared': 9.7.0
      acorn: 8.10.0
      escodegen: 2.1.0
      estree-walker: 2.0.2
      jsonc-eslint-parser: 2.4.0
      magic-string: 0.30.3
      mlly: 1.4.0
      source-map-js: 1.0.2
      vue-i18n: 9.7.0(vue@3.3.8)
      yaml-eslint-parser: 1.2.2
    dev: false

  /@intlify/core-base@9.7.0:
    resolution: {integrity: sha512-1tBnfnCI23jXqGW15cagCjn2GgD487VST1dMG8P5LRzrSfx+kUzqFyTrjMNIwgq1tVaF4HnDpFMUuyrzTLKphw==}
    engines: {node: '>= 16'}
    dependencies:
      '@intlify/message-compiler': 9.7.0
      '@intlify/shared': 9.7.0
    dev: false

  /@intlify/message-compiler@9.7.0:
    resolution: {integrity: sha512-/YdZCio2L2tCM5bZ2eMHbSEIQNPh1QqvZIOLI/yCVKXLscis7O0SsR2nmuU/DfCJ3iSeI8juw82C2wLvfsAeww==}
    engines: {node: '>= 16'}
    dependencies:
      '@intlify/shared': 9.7.0
      source-map-js: 1.0.2
    dev: false

  /@intlify/shared@9.7.0:
    resolution: {integrity: sha512-PUkEuk//YKu4CHS5ah3mNa3XL/+TZj6rAY/6yYN+GCNFd2u+uWUkeuwE4Q6t8dydRWlErOePHHS0KyNoof/oBw==}
    engines: {node: '>= 16'}
    dev: false

  /@intlify/unplugin-vue-i18n@1.5.0(vue-i18n@9.7.0):
    resolution: {integrity: sha512-jW0MCCdwxybxcwjEfCunAcKjVoxyO3i+cnLL6v+MNGRLUHqrpELF6zQAJUhgAK2afhY7mCliy8RxTFWKdXm26w==}
    engines: {node: '>= 14.16'}
    peerDependencies:
      petite-vue-i18n: '*'
      vue-i18n: '*'
      vue-i18n-bridge: '*'
    peerDependenciesMeta:
      petite-vue-i18n:
        optional: true
      vue-i18n:
        optional: true
      vue-i18n-bridge:
        optional: true
    dependencies:
      '@intlify/bundle-utils': 7.4.0(vue-i18n@9.7.0)
      '@intlify/shared': 9.7.0
      '@rollup/pluginutils': 5.0.3
      '@vue/compiler-sfc': 3.3.4
      debug: 4.3.4
      fast-glob: 3.3.1
      js-yaml: 4.1.0
      json5: 2.2.3
      pathe: 1.1.1
      picocolors: 1.0.0
      source-map-js: 1.0.2
      unplugin: 1.4.0
      vue-i18n: 9.7.0(vue@3.3.8)
    transitivePeerDependencies:
      - rollup
      - supports-color
    dev: false

  /@jridgewell/sourcemap-codec@1.4.15:
    resolution: {integrity: sha512-eF2rxCRulEKXHTRiDrDy6erMYWqNw4LPdQ8UQA4huuxaQsVeRPFl2oM8oDGxMFhJUWZf9McpLtJasDDZb/Bpeg==}

  /@kurkle/color@0.3.2:
    resolution: {integrity: sha512-fuscdXJ9G1qb7W8VdHi+IwRqij3lBkosAm4ydQtEmbY58OzHXqQhvlxqEkoz0yssNVn38bcpRWgA9PP+OGoisw==}
    dev: false

  /@nodelib/fs.scandir@2.1.5:
    resolution: {integrity: sha512-vq24Bq3ym5HEQm2NKCr3yXDwjc7vTsEThRDnkp2DK9p1uqLR+DHurm/NOTo0KG7HYHU7eppKZj3MyqYuMBf62g==}
    engines: {node: '>= 8'}
    dependencies:
      '@nodelib/fs.stat': 2.0.5
      run-parallel: 1.2.0
    dev: false

  /@nodelib/fs.stat@2.0.5:
    resolution: {integrity: sha512-RkhPPp2zrqDAQA/2jNhnztcPAlv64XdhIp7a7454A5ovI7Bukxgt7MX7udwAu3zg1DcpPU0rz3VV1SeaqvY4+A==}
    engines: {node: '>= 8'}
    dev: false

  /@nodelib/fs.walk@1.2.8:
    resolution: {integrity: sha512-oGB+UxlgWcgQkgwo8GcEGwemoTFt3FIO9ababBmaGwXIoBKZ+GTy0pP185beGg7Llih/NSHSV2XAs1lnznocSg==}
    engines: {node: '>= 8'}
    dependencies:
      '@nodelib/fs.scandir': 2.1.5
      fastq: 1.15.0
    dev: false

  /@rollup/pluginutils@5.0.3:
    resolution: {integrity: sha512-hfllNN4a80rwNQ9QCxhxuHCGHMAvabXqxNdaChUSSadMre7t4iEUI6fFAhBOn/eIYTgYVhBv7vCLsAJ4u3lf3g==}
    engines: {node: '>=14.0.0'}
    peerDependencies:
      rollup: ^1.20.0||^2.0.0||^3.0.0
    peerDependenciesMeta:
      rollup:
        optional: true
    dependencies:
      '@types/estree': 1.0.1
      estree-walker: 2.0.2
      picomatch: 2.3.1
    dev: false

  /@rollup/rollup-android-arm-eabi@4.4.1:
    resolution: {integrity: sha512-Ss4suS/sd+6xLRu+MLCkED2mUrAyqHmmvZB+zpzZ9Znn9S8wCkTQCJaQ8P8aHofnvG5L16u9MVnJjCqioPErwQ==}
    cpu: [arm]
    os: [android]
    requiresBuild: true
    dev: true
    optional: true

  /@rollup/rollup-android-arm64@4.4.1:
    resolution: {integrity: sha512-sRSkGTvGsARwWd7TzC8LKRf8FiPn7257vd/edzmvG4RIr9x68KBN0/Ek48CkuUJ5Pj/Dp9vKWv6PEupjKWjTYA==}
    cpu: [arm64]
    os: [android]
    requiresBuild: true
    dev: true
    optional: true

  /@rollup/rollup-darwin-arm64@4.4.1:
    resolution: {integrity: sha512-nz0AiGrrXyaWpsmBXUGOBiRDU0wyfSXbFuF98pPvIO8O6auQsPG6riWsfQqmCCC5FNd8zKQ4JhgugRNAkBJ8mQ==}
    cpu: [arm64]
    os: [darwin]
    requiresBuild: true
    dev: true
    optional: true

  /@rollup/rollup-darwin-x64@4.4.1:
    resolution: {integrity: sha512-Ogqvf4/Ve/faMaiPRvzsJEqajbqs00LO+8vtrPBVvLgdw4wBg6ZDXdkDAZO+4MLnrc8mhGV6VJAzYScZdPLtJg==}
    cpu: [x64]
    os: [darwin]
    requiresBuild: true
    dev: true
    optional: true

  /@rollup/rollup-linux-arm-gnueabihf@4.4.1:
    resolution: {integrity: sha512-9zc2tqlr6HfO+hx9+wktUlWTRdje7Ub15iJqKcqg5uJZ+iKqmd2CMxlgPpXi7+bU7bjfDIuvCvnGk7wewFEhCg==}
    cpu: [arm]
    os: [linux]
    requiresBuild: true
    dev: true
    optional: true

  /@rollup/rollup-linux-arm64-gnu@4.4.1:
    resolution: {integrity: sha512-phLb1fN3rq2o1j1v+nKxXUTSJnAhzhU0hLrl7Qzb0fLpwkGMHDem+o6d+ZI8+/BlTXfMU4kVWGvy6g9k/B8L6Q==}
    cpu: [arm64]
    os: [linux]
    requiresBuild: true
    dev: true
    optional: true

  /@rollup/rollup-linux-arm64-musl@4.4.1:
    resolution: {integrity: sha512-M2sDtw4tf57VPSjbTAN/lz1doWUqO2CbQuX3L9K6GWIR5uw9j+ROKCvvUNBY8WUbMxwaoc8mH9HmmBKsLht7+w==}
    cpu: [arm64]
    os: [linux]
    requiresBuild: true
    dev: true
    optional: true

  /@rollup/rollup-linux-x64-gnu@4.4.1:
    resolution: {integrity: sha512-mHIlRLX+hx+30cD6c4BaBOsSqdnCE4ok7/KDvjHYAHoSuveoMMxIisZFvcLhUnyZcPBXDGZTuBoalcuh43UfQQ==}
    cpu: [x64]
    os: [linux]
    requiresBuild: true
    dev: true
    optional: true

  /@rollup/rollup-linux-x64-musl@4.4.1:
    resolution: {integrity: sha512-tB+RZuDi3zxFx7vDrjTNGVLu2KNyzYv+UY8jz7e4TMEoAj7iEt8Qk6xVu6mo3pgjnsHj6jnq3uuRsHp97DLwOA==}
    cpu: [x64]
    os: [linux]
    requiresBuild: true
    dev: true
    optional: true

  /@rollup/rollup-win32-arm64-msvc@4.4.1:
    resolution: {integrity: sha512-Hdn39PzOQowK/HZzYpCuZdJC91PE6EaGbTe2VCA9oq2u18evkisQfws0Smh9QQGNNRa/T7MOuGNQoLeXhhE3PQ==}
    cpu: [arm64]
    os: [win32]
    requiresBuild: true
    dev: true
    optional: true

  /@rollup/rollup-win32-ia32-msvc@4.4.1:
    resolution: {integrity: sha512-tLpKb1Elm9fM8c5w3nl4N1eLTP4bCqTYw9tqUBxX8/hsxqHO3dxc2qPbZ9PNkdK4tg4iLEYn0pOUnVByRd2CbA==}
    cpu: [ia32]
    os: [win32]
    requiresBuild: true
    dev: true
    optional: true

  /@rollup/rollup-win32-x64-msvc@4.4.1:
    resolution: {integrity: sha512-eAhItDX9yQtZVM3yvXS/VR3qPqcnXvnLyx1pLXl4JzyNMBNO3KC986t/iAg2zcMzpAp9JSvxB5VZGnBiNoA98w==}
    cpu: [x64]
    os: [win32]
    requiresBuild: true
    dev: true
    optional: true

  /@tauri-apps/api@1.5.1:
    resolution: {integrity: sha512-6unsZDOdlXTmauU3NhWhn+Cx0rODV+rvNvTdvolE5Kls5ybA6cqndQENDt1+FS0tF7ozCP66jwWoH6a5h90BrA==}
    engines: {node: '>= 14.6.0', npm: '>= 6.6.0', yarn: '>= 1.19.1'}
    dev: false

  /@tauri-apps/cli-darwin-arm64@1.5.6:
    resolution: {integrity: sha512-NNvG3XLtciCMsBahbDNUEvq184VZmOveTGOuy0So2R33b/6FDkuWaSgWZsR1mISpOuP034htQYW0VITCLelfqg==}
    engines: {node: '>= 10'}
    cpu: [arm64]
    os: [darwin]
    requiresBuild: true
    dev: true
    optional: true

  /@tauri-apps/cli-darwin-x64@1.5.6:
    resolution: {integrity: sha512-nkiqmtUQw3N1j4WoVjv81q6zWuZFhBLya/RNGUL94oafORloOZoSY0uTZJAoeieb3Y1YK0rCHSDl02MyV2Fi4A==}
    engines: {node: '>= 10'}
    cpu: [x64]
    os: [darwin]
    requiresBuild: true
    dev: true
    optional: true

  /@tauri-apps/cli-linux-arm-gnueabihf@1.5.6:
    resolution: {integrity: sha512-z6SPx+axZexmWXTIVPNs4Tg7FtvdJl9EKxYN6JPjOmDZcqA13iyqWBQal2DA/GMZ1Xqo3vyJf6EoEaKaliymPQ==}
    engines: {node: '>= 10'}
    cpu: [arm]
    os: [linux]
    requiresBuild: true
    dev: true
    optional: true

  /@tauri-apps/cli-linux-arm64-gnu@1.5.6:
    resolution: {integrity: sha512-QuQjMQmpsCbzBrmtQiG4uhnfAbdFx3nzm+9LtqjuZlurc12+Mj5MTgqQ3AOwQedH3f7C+KlvbqD2AdXpwTg7VA==}
    engines: {node: '>= 10'}
    cpu: [arm64]
    os: [linux]
    requiresBuild: true
    dev: true
    optional: true

  /@tauri-apps/cli-linux-arm64-musl@1.5.6:
    resolution: {integrity: sha512-8j5dH3odweFeom7bRGlfzDApWVOT4jIq8/214Wl+JeiNVehouIBo9lZGeghZBH3XKFRwEvU23i7sRVjuh2s8mg==}
    engines: {node: '>= 10'}
    cpu: [arm64]
    os: [linux]
    requiresBuild: true
    dev: true
    optional: true

  /@tauri-apps/cli-linux-x64-gnu@1.5.6:
    resolution: {integrity: sha512-gbFHYHfdEGW0ffk8SigDsoXks6USpilF6wR0nqB/JbWzbzFR/sBuLVNQlJl1RKNakyJHu+lsFxGy0fcTdoX8xA==}
    engines: {node: '>= 10'}
    cpu: [x64]
    os: [linux]
    requiresBuild: true
    dev: true
    optional: true

  /@tauri-apps/cli-linux-x64-musl@1.5.6:
    resolution: {integrity: sha512-9v688ogoLkeFYQNgqiSErfhTreLUd8B3prIBSYUt+x4+5Kcw91zWvIh+VSxL1n3KCGGsM7cuXhkGPaxwlEh1ug==}
    engines: {node: '>= 10'}
    cpu: [x64]
    os: [linux]
    requiresBuild: true
    dev: true
    optional: true

  /@tauri-apps/cli-win32-arm64-msvc@1.5.6:
    resolution: {integrity: sha512-DRNDXFNZb6y5IZrw+lhTTA9l4wbzO4TNRBAlHAiXUrH+pRFZ/ZJtv5WEuAj9ocVSahVw2NaK5Yaold4NPAxHog==}
    engines: {node: '>= 10'}
    cpu: [arm64]
    os: [win32]
    requiresBuild: true
    dev: true
    optional: true

  /@tauri-apps/cli-win32-ia32-msvc@1.5.6:
    resolution: {integrity: sha512-oUYKNR/IZjF4fsOzRpw0xesl2lOjhsQEyWlgbpT25T83EU113Xgck9UjtI7xemNI/OPCv1tPiaM1e7/ABdg5iA==}
    engines: {node: '>= 10'}
    cpu: [ia32]
    os: [win32]
    requiresBuild: true
    dev: true
    optional: true

  /@tauri-apps/cli-win32-x64-msvc@1.5.6:
    resolution: {integrity: sha512-RmEf1os9C8//uq2hbjXi7Vgz9ne7798ZxqemAZdUwo1pv3oLVZSz1/IvZmUHPdy2e6zSeySqWu1D0Y3QRNN+dg==}
    engines: {node: '>= 10'}
    cpu: [x64]
    os: [win32]
    requiresBuild: true
    dev: true
    optional: true

  /@tauri-apps/cli@1.5.6:
    resolution: {integrity: sha512-k4Y19oVCnt7WZb2TnDzLqfs7o98Jq0tUoVMv+JQSzuRDJqaVu2xMBZ8dYplEn+EccdR5SOMyzaLBJWu38TVK1A==}
    engines: {node: '>= 10'}
    hasBin: true
    optionalDependencies:
      '@tauri-apps/cli-darwin-arm64': 1.5.6
      '@tauri-apps/cli-darwin-x64': 1.5.6
      '@tauri-apps/cli-linux-arm-gnueabihf': 1.5.6
      '@tauri-apps/cli-linux-arm64-gnu': 1.5.6
      '@tauri-apps/cli-linux-arm64-musl': 1.5.6
      '@tauri-apps/cli-linux-x64-gnu': 1.5.6
      '@tauri-apps/cli-linux-x64-musl': 1.5.6
      '@tauri-apps/cli-win32-arm64-msvc': 1.5.6
      '@tauri-apps/cli-win32-ia32-msvc': 1.5.6
      '@tauri-apps/cli-win32-x64-msvc': 1.5.6
    dev: true

  /@types/estree@1.0.1:
    resolution: {integrity: sha512-LG4opVs2ANWZ1TJoKc937iMmNstM/d0ae1vNbnBvBhqCSezgVUOzcLCqbI5elV8Vy6WKwKjaqR+zO9VKirBBCA==}
    dev: false

  /@types/node@20.9.1:
    resolution: {integrity: sha512-HhmzZh5LSJNS5O8jQKpJ/3ZcrrlG6L70hpGqMIAoM9YVD0YBRNWYsfwcXq8VnSjlNpCpgLzMXdiPo+dxcvSmiA==}
    dependencies:
      undici-types: 5.26.5
    dev: true

  /@vitejs/plugin-vue@4.5.0(vite@5.0.0)(vue@3.3.8):
    resolution: {integrity: sha512-a2WSpP8X8HTEww/U00bU4mX1QpLINNuz/2KMNpLsdu3BzOpak3AGI1CJYBTXcc4SPhaD0eNRUp7IyQK405L5dQ==}
    engines: {node: ^14.18.0 || >=16.0.0}
    peerDependencies:
      vite: ^4.0.0 || ^5.0.0
      vue: ^3.2.25
    dependencies:
      vite: 5.0.0(@types/node@20.9.1)
      vue: 3.3.8(typescript@5.2.2)
    dev: true

  /@volar/language-core@1.10.10:
    resolution: {integrity: sha512-nsV1o3AZ5n5jaEAObrS3MWLBWaGwUj/vAsc15FVNIv+DbpizQRISg9wzygsHBr56ELRH8r4K75vkYNMtsSNNWw==}
    dependencies:
      '@volar/source-map': 1.10.10
    dev: true

  /@volar/source-map@1.10.10:
    resolution: {integrity: sha512-GVKjLnifV4voJ9F0vhP56p4+F3WGf+gXlRtjFZsv6v3WxBTWU3ZVeaRaEHJmWrcv5LXmoYYpk/SC25BKemPRkg==}
    dependencies:
      muggle-string: 0.3.1
    dev: true

  /@volar/typescript@1.10.10:
    resolution: {integrity: sha512-4a2r5bdUub2m+mYVnLu2wt59fuoYWe7nf0uXtGHU8QQ5LDNfzAR0wK7NgDiQ9rcl2WT3fxT2AA9AylAwFtj50A==}
    dependencies:
      '@volar/language-core': 1.10.10
      path-browserify: 1.0.1
    dev: true

  /@vue/compiler-core@3.3.4:
    resolution: {integrity: sha512-cquyDNvZ6jTbf/+x+AgM2Arrp6G4Dzbb0R64jiG804HRMfRiFXWI6kqUVqZ6ZR0bQhIoQjB4+2bhNtVwndW15g==}
    dependencies:
      '@babel/parser': 7.22.11
      '@vue/shared': 3.3.4
      estree-walker: 2.0.2
      source-map-js: 1.0.2

  /@vue/compiler-core@3.3.8:
    resolution: {integrity: sha512-hN/NNBUECw8SusQvDSqqcVv6gWq8L6iAktUR0UF3vGu2OhzRqcOiAno0FmBJWwxhYEXRlQJT5XnoKsVq1WZx4g==}
    dependencies:
      '@babel/parser': 7.23.3
      '@vue/shared': 3.3.8
      estree-walker: 2.0.2
      source-map-js: 1.0.2

  /@vue/compiler-dom@3.3.4:
    resolution: {integrity: sha512-wyM+OjOVpuUukIq6p5+nwHYtj9cFroz9cwkfmP9O1nzH68BenTTv0u7/ndggT8cIQlnBeOo6sUT/gvHcIkLA5w==}
    dependencies:
      '@vue/compiler-core': 3.3.4
      '@vue/shared': 3.3.4

  /@vue/compiler-dom@3.3.8:
    resolution: {integrity: sha512-+PPtv+p/nWDd0AvJu3w8HS0RIm/C6VGBIRe24b9hSyNWOAPEUosFZ5diwawwP8ip5sJ8n0Pe87TNNNHnvjs0FQ==}
    dependencies:
      '@vue/compiler-core': 3.3.8
      '@vue/shared': 3.3.8

  /@vue/compiler-sfc@3.3.4:
    resolution: {integrity: sha512-6y/d8uw+5TkCuzBkgLS0v3lSM3hJDntFEiUORM11pQ/hKvkhSKZrXW6i69UyXlJQisJxuUEJKAWEqWbWsLeNKQ==}
    dependencies:
      '@babel/parser': 7.22.11
      '@vue/compiler-core': 3.3.4
      '@vue/compiler-dom': 3.3.4
      '@vue/compiler-ssr': 3.3.4
      '@vue/reactivity-transform': 3.3.4
      '@vue/shared': 3.3.4
      estree-walker: 2.0.2
      magic-string: 0.30.3
      postcss: 8.4.28
      source-map-js: 1.0.2
    dev: false

  /@vue/compiler-sfc@3.3.8:
    resolution: {integrity: sha512-WMzbUrlTjfYF8joyT84HfwwXo+8WPALuPxhy+BZ6R4Aafls+jDBnSz8PDz60uFhuqFbl3HxRfxvDzrUf3THwpA==}
    dependencies:
      '@babel/parser': 7.23.3
      '@vue/compiler-core': 3.3.8
      '@vue/compiler-dom': 3.3.8
      '@vue/compiler-ssr': 3.3.8
      '@vue/reactivity-transform': 3.3.8
      '@vue/shared': 3.3.8
      estree-walker: 2.0.2
      magic-string: 0.30.5
      postcss: 8.4.31
      source-map-js: 1.0.2

  /@vue/compiler-ssr@3.3.4:
    resolution: {integrity: sha512-m0v6oKpup2nMSehwA6Uuu+j+wEwcy7QmwMkVNVfrV9P2qE5KshC6RwOCq8fjGS/Eak/uNb8AaWekfiXxbBB6gQ==}
    dependencies:
      '@vue/compiler-dom': 3.3.4
      '@vue/shared': 3.3.4
    dev: false

  /@vue/compiler-ssr@3.3.8:
    resolution: {integrity: sha512-hXCqQL/15kMVDBuoBYpUnSYT8doDNwsjvm3jTefnXr+ytn294ySnT8NlsFHmTgKNjwpuFy7XVV8yTeLtNl/P6w==}
    dependencies:
      '@vue/compiler-dom': 3.3.8
      '@vue/shared': 3.3.8

  /@vue/devtools-api@6.5.0:
    resolution: {integrity: sha512-o9KfBeaBmCKl10usN4crU53fYtC1r7jJwdGKjPT24t348rHxgfpZ0xL3Xm/gLUYnc0oTp8LAmrxOeLyu6tbk2Q==}
    dev: false

  /@vue/language-core@1.8.22(typescript@5.2.2):
    resolution: {integrity: sha512-bsMoJzCrXZqGsxawtUea1cLjUT9dZnDsy5TuZ+l1fxRMzUGQUG9+Ypq4w//CqpWmrx7nIAJpw2JVF/t258miRw==}
    peerDependencies:
      typescript: '*'
    peerDependenciesMeta:
      typescript:
        optional: true
    dependencies:
      '@volar/language-core': 1.10.10
      '@volar/source-map': 1.10.10
      '@vue/compiler-dom': 3.3.4
      '@vue/shared': 3.3.4
      computeds: 0.0.1
      minimatch: 9.0.3
      muggle-string: 0.3.1
      typescript: 5.2.2
      vue-template-compiler: 2.7.14
    dev: true

  /@vue/reactivity-transform@3.3.4:
    resolution: {integrity: sha512-MXgwjako4nu5WFLAjpBnCj/ieqcjE2aJBINUNQzkZQfzIZA4xn+0fV1tIYBJvvva3N3OvKGofRLvQIwEQPpaXw==}
    dependencies:
      '@babel/parser': 7.22.11
      '@vue/compiler-core': 3.3.4
      '@vue/shared': 3.3.4
      estree-walker: 2.0.2
      magic-string: 0.30.3
    dev: false

  /@vue/reactivity-transform@3.3.8:
    resolution: {integrity: sha512-49CvBzmZNtcHua0XJ7GdGifM8GOXoUMOX4dD40Y5DxI3R8OUhMlvf2nvgUAcPxaXiV5MQQ1Nwy09ADpnLQUqRw==}
    dependencies:
      '@babel/parser': 7.23.3
      '@vue/compiler-core': 3.3.8
      '@vue/shared': 3.3.8
      estree-walker: 2.0.2
      magic-string: 0.30.5

  /@vue/reactivity@3.3.8:
    resolution: {integrity: sha512-ctLWitmFBu6mtddPyOKpHg8+5ahouoTCRtmAHZAXmolDtuZXfjL2T3OJ6DL6ezBPQB1SmMnpzjiWjCiMYmpIuw==}
    dependencies:
      '@vue/shared': 3.3.8

  /@vue/runtime-core@3.3.8:
    resolution: {integrity: sha512-qurzOlb6q26KWQ/8IShHkMDOuJkQnQcTIp1sdP4I9MbCf9FJeGVRXJFr2mF+6bXh/3Zjr9TDgURXrsCr9bfjUw==}
    dependencies:
      '@vue/reactivity': 3.3.8
      '@vue/shared': 3.3.8

  /@vue/runtime-dom@3.3.8:
    resolution: {integrity: sha512-Noy5yM5UIf9UeFoowBVgghyGGPIDPy1Qlqt0yVsUdAVbqI8eeMSsTqBtauaEoT2UFXUk5S64aWVNJN4MJ2vRdA==}
    dependencies:
      '@vue/runtime-core': 3.3.8
      '@vue/shared': 3.3.8
      csstype: 3.1.2

  /@vue/server-renderer@3.3.8(vue@3.3.8):
    resolution: {integrity: sha512-zVCUw7RFskvPuNlPn/8xISbrf0zTWsTSdYTsUTN1ERGGZGVnRxM2QZ3x1OR32+vwkkCm0IW6HmJ49IsPm7ilLg==}
    peerDependencies:
      vue: 3.3.8
    dependencies:
      '@vue/compiler-ssr': 3.3.8
      '@vue/shared': 3.3.8
      vue: 3.3.8(typescript@5.2.2)

  /@vue/shared@3.3.4:
    resolution: {integrity: sha512-7OjdcV8vQ74eiz1TZLzZP4JwqM5fA94K6yntPS5Z25r9HDuGNzaGdgvwKYq6S+MxwF0TFRwe50fIR/MYnakdkQ==}

  /@vue/shared@3.3.8:
    resolution: {integrity: sha512-8PGwybFwM4x8pcfgqEQFy70NaQxASvOC5DJwLQfpArw1UDfUXrJkdxD3BhVTMS+0Lef/TU7YO0Jvr0jJY8T+mw==}

  /acorn-jsx@5.3.2(acorn@8.10.0):
    resolution: {integrity: sha512-rq9s+JNhf0IChjtDXxllJ7g41oZk5SlXtp0LHwyA5cejwn7vKmKp4pPri6YEePv2PU65sAsegbXtIinmDFDXgQ==}
    peerDependencies:
      acorn: ^6.0.0 || ^7.0.0 || ^8.0.0
    dependencies:
      acorn: 8.10.0
    dev: false

  /acorn@8.10.0:
    resolution: {integrity: sha512-F0SAmZ8iUtS//m8DmCTA0jlh6TDKkHQyK6xc6V4KDTyZKA9dnvX9/3sRTVQrWm79glUAZbnmmNcdYwUIHWVybw==}
    engines: {node: '>=0.4.0'}
    hasBin: true
    dev: false

  /anymatch@3.1.3:
    resolution: {integrity: sha512-KMReFUr0B4t+D+OBkjR3KYqvocp2XaSzO55UcB6mgQMd3KbcE+mWTyvVV7D/zsdEbNnV6acZUutkiHQXvTr1Rw==}
    engines: {node: '>= 8'}
    dependencies:
      normalize-path: 3.0.0
      picomatch: 2.3.1
    dev: false

  /argparse@2.0.1:
    resolution: {integrity: sha512-8+9WqebbFzpX9OR+Wa6O29asIogeRMzcGtAINdpMHHyAg10f05aSFVBbcEqGf/PXw1EjAZ+q2/bEBg3DvurK3Q==}
    dev: false

  /balanced-match@1.0.2:
    resolution: {integrity: sha512-3oSeUO0TMV67hN1AmbXsK4yaqU7tjiHlbxRDZOpH0KW9+CeX4bRAaX0Anxt0tx2MrpRpWwQaPwIlISEJhYU5Pw==}
    dev: true

  /binary-extensions@2.2.0:
    resolution: {integrity: sha512-jDctJ/IVQbZoJykoeHbhXpOlNBqGNcwXJKJog42E5HDPUwQTSdjCHdihjj0DlnheQ7blbT6dHOafNAiS8ooQKA==}
    engines: {node: '>=8'}
    dev: false

  /brace-expansion@2.0.1:
    resolution: {integrity: sha512-XnAIvQ8eM+kC6aULx6wuQiwVsnzsi9d3WxzV3FpWTGA19F621kwdbsAcFKXgKUHZWsy+mY6iL1sHTxWEFCytDA==}
    dependencies:
      balanced-match: 1.0.2
    dev: true

  /braces@3.0.2:
    resolution: {integrity: sha512-b8um+L1RzM3WDSzvhm6gIz1yfTbBt6YTlcEKAvsmqCZZFw46z626lVj9j1yEPW33H5H+lBQpZMP1k8l+78Ha0A==}
    engines: {node: '>=8'}
    dependencies:
      fill-range: 7.0.1
    dev: false

  /chart.js@4.4.0:
    resolution: {integrity: sha512-vQEj6d+z0dcsKLlQvbKIMYFHd3t8W/7L2vfJIbYcfyPcRx92CsHqECpueN8qVGNlKyDcr5wBrYAYKnfu/9Q1hQ==}
    engines: {pnpm: '>=7'}
    dependencies:
      '@kurkle/color': 0.3.2
    dev: false

  /chokidar@3.5.3:
    resolution: {integrity: sha512-Dr3sfKRP6oTcjf2JmUmFJfeVMvXBdegxB0iVQ5eb2V10uFJUCAS8OByZdVAyVb8xXNz3GjjTgj9kLWsZTqE6kw==}
    engines: {node: '>= 8.10.0'}
    dependencies:
      anymatch: 3.1.3
      braces: 3.0.2
      glob-parent: 5.1.2
      is-binary-path: 2.1.0
      is-glob: 4.0.3
      normalize-path: 3.0.0
      readdirp: 3.6.0
    optionalDependencies:
      fsevents: 2.3.3
    dev: false

  /computeds@0.0.1:
    resolution: {integrity: sha512-7CEBgcMjVmitjYo5q8JTJVra6X5mQ20uTThdK+0kR7UEaDrAWEQcRiBtWJzga4eRpP6afNwwLsX2SET2JhVB1Q==}
    dev: true

  /csstype@3.1.2:
    resolution: {integrity: sha512-I7K1Uu0MBPzaFKg4nI5Q7Vs2t+3gWWW648spaF+Rg7pI9ds18Ugn+lvg4SHczUdKlHI5LWBXyqfS8+DufyBsgQ==}

  /de-indent@1.0.2:
    resolution: {integrity: sha512-e/1zu3xH5MQryN2zdVaF0OrdNLUbvWxzMbi+iNA6Bky7l1RoP8a2fIbRocyHclXt/arDrrR6lL3TqFD9pMQTsg==}
    dev: true

  /debug@4.3.4:
    resolution: {integrity: sha512-PRWFHuSU3eDtQJPvnNY7Jcket1j0t5OuOsFzPPzsekD52Zl8qUfFIPEiswXqIvHWGVHOgX+7G/vCNNhehwxfkQ==}
    engines: {node: '>=6.0'}
    peerDependencies:
      supports-color: '*'
    peerDependenciesMeta:
      supports-color:
        optional: true
    dependencies:
      ms: 2.1.2
    dev: false

  /esbuild@0.19.5:
    resolution: {integrity: sha512-bUxalY7b1g8vNhQKdB24QDmHeY4V4tw/s6Ak5z+jJX9laP5MoQseTOMemAr0gxssjNcH0MCViG8ONI2kksvfFQ==}
    engines: {node: '>=12'}
    hasBin: true
    requiresBuild: true
    optionalDependencies:
      '@esbuild/android-arm': 0.19.5
      '@esbuild/android-arm64': 0.19.5
      '@esbuild/android-x64': 0.19.5
      '@esbuild/darwin-arm64': 0.19.5
      '@esbuild/darwin-x64': 0.19.5
      '@esbuild/freebsd-arm64': 0.19.5
      '@esbuild/freebsd-x64': 0.19.5
      '@esbuild/linux-arm': 0.19.5
      '@esbuild/linux-arm64': 0.19.5
      '@esbuild/linux-ia32': 0.19.5
      '@esbuild/linux-loong64': 0.19.5
      '@esbuild/linux-mips64el': 0.19.5
      '@esbuild/linux-ppc64': 0.19.5
      '@esbuild/linux-riscv64': 0.19.5
      '@esbuild/linux-s390x': 0.19.5
      '@esbuild/linux-x64': 0.19.5
      '@esbuild/netbsd-x64': 0.19.5
      '@esbuild/openbsd-x64': 0.19.5
      '@esbuild/sunos-x64': 0.19.5
      '@esbuild/win32-arm64': 0.19.5
      '@esbuild/win32-ia32': 0.19.5
      '@esbuild/win32-x64': 0.19.5
    dev: true

  /escodegen@2.1.0:
    resolution: {integrity: sha512-2NlIDTwUWJN0mRPQOdtQBzbUHvdGY2P1VXSyU83Q3xKxM7WHX2Ql8dKq782Q9TgQUNOLEzEYu9bzLNj1q88I5w==}
    engines: {node: '>=6.0'}
    hasBin: true
    dependencies:
      esprima: 4.0.1
      estraverse: 5.3.0
      esutils: 2.0.3
    optionalDependencies:
      source-map: 0.6.1
    dev: false

  /eslint-visitor-keys@3.4.3:
    resolution: {integrity: sha512-wpc+LXeiyiisxPlEkUzU6svyS1frIO3Mgxj1fdy7Pm8Ygzguax2N3Fa/D/ag1WqbOprdI+uY6wMUl8/a2G+iag==}
    engines: {node: ^12.22.0 || ^14.17.0 || >=16.0.0}
    dev: false

  /espree@9.6.1:
    resolution: {integrity: sha512-oruZaFkjorTpF32kDSI5/75ViwGeZginGGy2NoOSg3Q9bnwlnmDm4HLnkl0RE3n+njDXR037aY1+x58Z/zFdwQ==}
    engines: {node: ^12.22.0 || ^14.17.0 || >=16.0.0}
    dependencies:
      acorn: 8.10.0
      acorn-jsx: 5.3.2(acorn@8.10.0)
      eslint-visitor-keys: 3.4.3
    dev: false

  /esprima@4.0.1:
    resolution: {integrity: sha512-eGuFFw7Upda+g4p+QHvnW0RyTX/SVeJBDM/gCtMARO0cLuT2HcEKnTPvhjV6aGeqrCB/sbNop0Kszm0jsaWU4A==}
    engines: {node: '>=4'}
    hasBin: true
    dev: false

  /estraverse@5.3.0:
    resolution: {integrity: sha512-MMdARuVEQziNTeJD8DgMqmhwR11BRQ/cBP+pLtYdSTnf3MIO8fFeiINEbX36ZdNlfU/7A9f3gUw49B3oQsvwBA==}
    engines: {node: '>=4.0'}
    dev: false

  /estree-walker@2.0.2:
    resolution: {integrity: sha512-Rfkk/Mp/DL7JVje3u18FxFujQlTNR2q6QfMSMB7AvCBx91NGj/ba3kCfza0f6dVDbw7YlRf/nDrn7pQrCCyQ/w==}

  /esutils@2.0.3:
    resolution: {integrity: sha512-kVscqXk4OCp68SZ0dkgEKVi6/8ij300KBWTJq32P/dYeWTSwK41WyTxalN1eRmA5Z9UU/LX9D7FWSmV9SAYx6g==}
    engines: {node: '>=0.10.0'}
    dev: false

  /fast-glob@3.3.1:
    resolution: {integrity: sha512-kNFPyjhh5cKjrUltxs+wFx+ZkbRaxxmZ+X0ZU31SOsxCEtP9VPgtq2teZw1DebupL5GmDaNQ6yKMMVcM41iqDg==}
    engines: {node: '>=8.6.0'}
    dependencies:
      '@nodelib/fs.stat': 2.0.5
      '@nodelib/fs.walk': 1.2.8
      glob-parent: 5.1.2
      merge2: 1.4.1
      micromatch: 4.0.5
    dev: false

  /fastq@1.15.0:
    resolution: {integrity: sha512-wBrocU2LCXXa+lWBt8RoIRD89Fi8OdABODa/kEnyeyjS5aZO5/GNvI5sEINADqP/h8M29UHTHUb53sUu5Ihqdw==}
    dependencies:
      reusify: 1.0.4
    dev: false

  /fill-range@7.0.1:
    resolution: {integrity: sha512-qOo9F+dMUmC2Lcb4BbVvnKJxTPjCm+RRpe4gDuGrzkL7mEVl/djYSu2OdQ2Pa302N4oqkSg9ir6jaLWJ2USVpQ==}
    engines: {node: '>=8'}
    dependencies:
      to-regex-range: 5.0.1
    dev: false

  /fsevents@2.3.3:
    resolution: {integrity: sha512-5xoDfX+fL7faATnagmWPpbFtwh/R77WmMMqqHGS65C3vvB0YHrgF+B1YmZ3441tMj5n63k0212XNoJwzlhffQw==}
    engines: {node: ^8.16.0 || ^10.6.0 || >=11.0.0}
    os: [darwin]
    requiresBuild: true
    optional: true

  /glob-parent@5.1.2:
    resolution: {integrity: sha512-AOIgSQCepiJYwP3ARnGx+5VnTu2HBYdzbGP45eLw1vr3zB3vZLeyed1sC9hnbcOc9/SrMyM5RPQrkGz4aS9Zow==}
    engines: {node: '>= 6'}
    dependencies:
      is-glob: 4.0.3
    dev: false

  /he@1.2.0:
    resolution: {integrity: sha512-F/1DnUGPopORZi0ni+CvrCgHQ5FyEAHRLSApuYWMmrbSwoN2Mn/7k+Gl38gJnR7yyDZk6WLXwiGod1JOWNDKGw==}
    hasBin: true
    dev: true

  /is-binary-path@2.1.0:
    resolution: {integrity: sha512-ZMERYes6pDydyuGidse7OsHxtbI7WVeUEozgR/g7rd0xUimYNlvZRE/K2MgZTjWy725IfelLeVcEM97mmtRGXw==}
    engines: {node: '>=8'}
    dependencies:
      binary-extensions: 2.2.0
    dev: false

  /is-extglob@2.1.1:
    resolution: {integrity: sha512-SbKbANkN603Vi4jEZv49LeVJMn4yGwsbzZworEoyEiutsN3nJYdbO36zfhGJ6QEDpOZIFkDtnq5JRxmvl3jsoQ==}
    engines: {node: '>=0.10.0'}
    dev: false

  /is-glob@4.0.3:
    resolution: {integrity: sha512-xelSayHH36ZgE7ZWhli7pW34hNbNl8Ojv5KVmkJD4hBdD3th8Tfk9vYasLM+mXWOZhFkgZfxhLSnrwRr4elSSg==}
    engines: {node: '>=0.10.0'}
    dependencies:
      is-extglob: 2.1.1
    dev: false

  /is-number@7.0.0:
    resolution: {integrity: sha512-41Cifkg6e8TylSpdtTpeLVMqvSBEVzTttHvERD741+pnZ8ANv0004MRL43QKPDlK9cGvNp6NZWZUBlbGXYxxng==}
    engines: {node: '>=0.12.0'}
    dev: false

  /js-yaml@4.1.0:
    resolution: {integrity: sha512-wpxZs9NoxZaJESJGIZTyDEaYpl0FKSA+FB9aJiyemKhMwkxQg63h4T1KJgUGHpTqPDNRcmmYLugrRjJlBtWvRA==}
    hasBin: true
    dependencies:
      argparse: 2.0.1
    dev: false

  /json5@2.2.3:
    resolution: {integrity: sha512-XmOWe7eyHYH14cLdVPoyg+GOH3rYX++KpzrylJwSW98t3Nk+U8XOl8FWKOgwtzdb8lXGf6zYwDUzeHMWfxasyg==}
    engines: {node: '>=6'}
    hasBin: true
    dev: false

  /jsonc-eslint-parser@2.4.0:
    resolution: {integrity: sha512-WYDyuc/uFcGp6YtM2H0uKmUwieOuzeE/5YocFJLnLfclZ4inf3mRn8ZVy1s7Hxji7Jxm6Ss8gqpexD/GlKoGgg==}
    engines: {node: ^12.22.0 || ^14.17.0 || >=16.0.0}
    dependencies:
      acorn: 8.10.0
      eslint-visitor-keys: 3.4.3
      espree: 9.6.1
      semver: 7.5.4
    dev: false

  /jsonc-parser@3.2.0:
    resolution: {integrity: sha512-gfFQZrcTc8CnKXp6Y4/CBT3fTc0OVuDofpre4aEeEpSBPV5X5v4+Vmx+8snU7RLPrNHPKSgLxGo9YuQzz20o+w==}
    dev: false

  /lodash@4.17.21:
    resolution: {integrity: sha512-v2kDEe57lecTulaDIuNTPy3Ry4gLGJ6Z1O3vE1krgXZNrsQ+LFTGHVxVjcXPs17LhbZVGedAJv8XZ1tvj5FvSg==}
    dev: false

  /lru-cache@6.0.0:
    resolution: {integrity: sha512-Jo6dJ04CmSjuznwJSS3pUeWmd/H0ffTlkXXgwZi+eq1UCmqQwCh+eLsYOYCwY991i2Fah4h1BEMCx4qThGbsiA==}
    engines: {node: '>=10'}
    dependencies:
      yallist: 4.0.0

  /magic-string@0.30.3:
    resolution: {integrity: sha512-B7xGbll2fG/VjP+SWg4sX3JynwIU0mjoTc6MPpKNuIvftk6u6vqhDnk1R80b8C2GBR6ywqy+1DcKBrevBg+bmw==}
    engines: {node: '>=12'}
    dependencies:
      '@jridgewell/sourcemap-codec': 1.4.15
    dev: false

  /magic-string@0.30.5:
    resolution: {integrity: sha512-7xlpfBaQaP/T6Vh8MO/EqXSW5En6INHEvEXQiuff7Gku0PWjU3uf6w/j9o7O+SpB5fOAkrI5HeoNgwjEO0pFsA==}
    engines: {node: '>=12'}
    dependencies:
      '@jridgewell/sourcemap-codec': 1.4.15

  /merge2@1.4.1:
    resolution: {integrity: sha512-8q7VEgMJW4J8tcfVPy8g09NcQwZdbwFEqhe/WZkoIzjn/3TGDwtOCYtXGxA3O8tPzpczCCDgv+P2P5y00ZJOOg==}
    engines: {node: '>= 8'}
    dev: false

  /micromatch@4.0.5:
    resolution: {integrity: sha512-DMy+ERcEW2q8Z2Po+WNXuw3c5YaUSFjAO5GsJqfEl7UjvtIuFKO6ZrKvcItdy98dwFI2N1tg3zNIdKaQT+aNdA==}
    engines: {node: '>=8.6'}
    dependencies:
      braces: 3.0.2
      picomatch: 2.3.1
    dev: false

  /minimatch@9.0.3:
    resolution: {integrity: sha512-RHiac9mvaRw0x3AYRgDC1CxAP7HTcNrrECeA8YYJeWnpo+2Q5CegtZjaotWTWxDG3UeGA1coE05iH1mPjT/2mg==}
    engines: {node: '>=16 || 14 >=14.17'}
    dependencies:
      brace-expansion: 2.0.1
    dev: true

  /mlly@1.4.0:
    resolution: {integrity: sha512-ua8PAThnTwpprIaU47EPeZ/bPUVp2QYBbWMphUQpVdBI3Lgqzm5KZQ45Agm3YJedHXaIHl6pBGabaLSUPPSptg==}
    dependencies:
      acorn: 8.10.0
      pathe: 1.1.1
      pkg-types: 1.0.3
      ufo: 1.3.0
    dev: false

  /ms@2.1.2:
    resolution: {integrity: sha512-sGkPx+VjMtmA6MX27oA4FBFELFCZZ4S4XqeGOXCv68tT+jb3vk/RyaKWP0PTKyWtmLSM0b+adUTEvbs1PEaH2w==}
    dev: false

  /muggle-string@0.3.1:
    resolution: {integrity: sha512-ckmWDJjphvd/FvZawgygcUeQCxzvohjFO5RxTjj4eq8kw359gFF3E1brjfI+viLMxss5JrHTDRHZvu2/tuy0Qg==}
    dev: true

  /nanoid@3.3.6:
    resolution: {integrity: sha512-BGcqMMJuToF7i1rt+2PWSNVnWIkGCU78jBG3RxO/bZlnZPK2Cmi2QaffxGO/2RvWi9sL+FAiRiXMgsyxQ1DIDA==}
    engines: {node: ^10 || ^12 || ^13.7 || ^14 || >=15.0.1}
    hasBin: true

  /normalize-path@3.0.0:
    resolution: {integrity: sha512-6eZs5Ls3WtCisHWp9S2GUy8dqkpGi4BVSz3GaqiE6ezub0512ESztXUwUB6C6IKbQkY2Pnb/mD4WYojCRwcwLA==}
    engines: {node: '>=0.10.0'}
    dev: false

  /path-browserify@1.0.1:
    resolution: {integrity: sha512-b7uo2UCUOYZcnF/3ID0lulOJi/bafxa1xPe7ZPsammBSpjSWQkjNxlt635YGS2MiR9GjvuXCtz2emr3jbsz98g==}
    dev: true

  /pathe@1.1.1:
    resolution: {integrity: sha512-d+RQGp0MAYTIaDBIMmOfMwz3E+LOZnxx1HZd5R18mmCZY0QBlK0LDZfPc8FW8Ed2DlvsuE6PRjroDY+wg4+j/Q==}
    dev: false

  /picocolors@1.0.0:
    resolution: {integrity: sha512-1fygroTLlHu66zi26VoTDv8yRgm0Fccecssto+MhsZ0D/DGW2sm8E8AjW7NU5VVTRt5GxbeZ5qBuJr+HyLYkjQ==}

  /picomatch@2.3.1:
    resolution: {integrity: sha512-JU3teHTNjmE2VCGFzuY8EXzCDVwEqB2a8fsIvwaStHhAWJEeVd1o1QD80CU6+ZdEXXSLbSsuLwJjkCBWqRQUVA==}
    engines: {node: '>=8.6'}
    dev: false

  /pkg-types@1.0.3:
    resolution: {integrity: sha512-nN7pYi0AQqJnoLPC9eHFQ8AcyaixBUOwvqc5TDnIKCMEE6I0y8P7OKA7fPexsXGCGxQDl/cmrLAp26LhcwxZ4A==}
    dependencies:
      jsonc-parser: 3.2.0
      mlly: 1.4.0
      pathe: 1.1.1
    dev: false

  /postcss@8.4.28:
    resolution: {integrity: sha512-Z7V5j0cq8oEKyejIKfpD8b4eBy9cwW2JWPk0+fB1HOAMsfHbnAXLLS+PfVWlzMSLQaWttKDt607I0XHmpE67Vw==}
    engines: {node: ^10 || ^12 || >=14}
    dependencies:
      nanoid: 3.3.6
      picocolors: 1.0.0
      source-map-js: 1.0.2
    dev: false

  /postcss@8.4.31:
    resolution: {integrity: sha512-PS08Iboia9mts/2ygV3eLpY5ghnUcfLV/EXTOW1E2qYxJKGGBUtNjN76FYHnMs36RmARn41bC0AZmn+rR0OVpQ==}
    engines: {node: ^10 || ^12 || >=14}
    dependencies:
      nanoid: 3.3.6
      picocolors: 1.0.0
      source-map-js: 1.0.2

  /primeflex@3.3.1:
    resolution: {integrity: sha512-zaOq3YvcOYytbAmKv3zYc+0VNS9Wg5d37dfxZnveKBFPr7vEIwfV5ydrpiouTft8MVW6qNjfkaQphHSnvgQbpQ==}
    dev: false

  /primeicons@6.0.1:
    resolution: {integrity: sha512-KDeO94CbWI4pKsPnYpA1FPjo79EsY9I+M8ywoPBSf9XMXoe/0crjbUK7jcQEDHuc0ZMRIZsxH3TYLv4TUtHmAA==}
    dev: false

  /primevue@3.40.1(vue@3.3.8):
    resolution: {integrity: sha512-TIFjoSUDiTmlxwQddaWckzcPIpj0F8a6ZMnm0tpAD/ieyUIHnNpbAi5de8LQf8eF0b+x5EkOkdjdngSlD+iPCw==}
    peerDependencies:
      vue: ^3.0.0
    dependencies:
      vue: 3.3.8(typescript@5.2.2)
    dev: false

  /queue-microtask@1.2.3:
    resolution: {integrity: sha512-NuaNSa6flKT5JaSYQzJok04JzTL1CA6aGhv5rfLW3PgqA+M2ChpZQnAC8h8i4ZFkBS8X5RqkDBHA7r4hej3K9A==}
    dev: false

  /readdirp@3.6.0:
    resolution: {integrity: sha512-hOS089on8RduqdbhvQ5Z37A0ESjsqz6qnRcffsMU3495FuTdqSm+7bhJ29JvIOsBDEEnan5DPu9t3To9VRlMzA==}
    engines: {node: '>=8.10.0'}
    dependencies:
      picomatch: 2.3.1
    dev: false

  /reusify@1.0.4:
    resolution: {integrity: sha512-U9nH88a3fc/ekCF1l0/UP1IosiuIjyTh7hBvXVMHYgVcfGvt897Xguj2UOLDeI5BG2m7/uwyaLVT6fbtCwTyzw==}
    engines: {iojs: '>=1.0.0', node: '>=0.10.0'}
    dev: false

  /rollup@4.4.1:
    resolution: {integrity: sha512-idZzrUpWSblPJX66i+GzrpjKE3vbYrlWirUHteoAbjKReZwa0cohAErOYA5efoMmNCdvG9yrJS+w9Kl6csaH4w==}
    engines: {node: '>=18.0.0', npm: '>=8.0.0'}
    hasBin: true
    optionalDependencies:
      '@rollup/rollup-android-arm-eabi': 4.4.1
      '@rollup/rollup-android-arm64': 4.4.1
      '@rollup/rollup-darwin-arm64': 4.4.1
      '@rollup/rollup-darwin-x64': 4.4.1
      '@rollup/rollup-linux-arm-gnueabihf': 4.4.1
      '@rollup/rollup-linux-arm64-gnu': 4.4.1
      '@rollup/rollup-linux-arm64-musl': 4.4.1
      '@rollup/rollup-linux-x64-gnu': 4.4.1
      '@rollup/rollup-linux-x64-musl': 4.4.1
      '@rollup/rollup-win32-arm64-msvc': 4.4.1
      '@rollup/rollup-win32-ia32-msvc': 4.4.1
      '@rollup/rollup-win32-x64-msvc': 4.4.1
      fsevents: 2.3.3
    dev: true

  /run-parallel@1.2.0:
    resolution: {integrity: sha512-5l4VyZR86LZ/lDxZTR6jqL8AFE2S0IFLMP26AbjsLVADxHdhB/c0GUsH+y39UfCi3dzz8OlQuPmnaJOMoDHQBA==}
    dependencies:
      queue-microtask: 1.2.3
    dev: false

  /semver@7.5.4:
    resolution: {integrity: sha512-1bCSESV6Pv+i21Hvpxp3Dx+pSD8lIPt8uVjRrxAUt/nbswYc+tK6Y2btiULjd4+fnq15PX+nqQDC7Oft7WkwcA==}
    engines: {node: '>=10'}
    hasBin: true
    dependencies:
      lru-cache: 6.0.0

  /source-map-js@1.0.2:
    resolution: {integrity: sha512-R0XvVJ9WusLiqTCEiGCmICCMplcCkIwwR11mOSD9CR5u+IXYdiseeEuXCVAjS54zqwkLcPNnmU4OeJ6tUrWhDw==}
    engines: {node: '>=0.10.0'}

  /source-map@0.6.1:
    resolution: {integrity: sha512-UjgapumWlbMhkBgzT7Ykc5YXUT46F0iKu8SGXq0bcwP5dz/h0Plj6enJqjz1Zbq2l5WaqYnrVbwWOWMyF3F47g==}
    engines: {node: '>=0.10.0'}
    requiresBuild: true
    dev: false
    optional: true

  /to-fast-properties@2.0.0:
    resolution: {integrity: sha512-/OaKK0xYrs3DmxRYqL/yDc+FxFUVYhDlXMhRmv3z915w2HF1tnN1omB354j8VUGO/hbRzyD6Y3sA7v7GS/ceog==}
    engines: {node: '>=4'}

  /to-regex-range@5.0.1:
    resolution: {integrity: sha512-65P7iz6X5yEr1cwcgvQxbbIw7Uk3gOy5dIdtZ4rDveLqhrdJP+Li/Hx6tyK0NEb+2GCyneCMJiGqrADCSNk8sQ==}
    engines: {node: '>=8.0'}
    dependencies:
      is-number: 7.0.0
    dev: false

  /typescript@5.2.2:
    resolution: {integrity: sha512-mI4WrpHsbCIcwT9cF4FZvr80QUeKvsUsUvKDoR+X/7XHQH98xYD8YHZg7ANtz2GtZt/CBq2QJ0thkGJMHfqc1w==}
    engines: {node: '>=14.17'}
    hasBin: true

  /ufo@1.3.0:
    resolution: {integrity: sha512-bRn3CsoojyNStCZe0BG0Mt4Nr/4KF+rhFlnNXybgqt5pXHNFRlqinSoQaTrGyzE4X8aHplSb+TorH+COin9Yxw==}
    dev: false

  /undici-types@5.26.5:
    resolution: {integrity: sha512-JlCMO+ehdEIKqlFxk6IfVoAUVmgz7cU7zD/h9XZ0qzeosSHmUJVOzSQvvYSYWXkFXC+IfLKSIffhv0sVZup6pA==}
    dev: true

  /unplugin@1.4.0:
    resolution: {integrity: sha512-5x4eIEL6WgbzqGtF9UV8VEC/ehKptPXDS6L2b0mv4FRMkJxRtjaJfOWDd6a8+kYbqsjklix7yWP0N3SUepjXcg==}
    dependencies:
      acorn: 8.10.0
      chokidar: 3.5.3
      webpack-sources: 3.2.3
      webpack-virtual-modules: 0.5.0
    dev: false

  /vite@5.0.0(@types/node@20.9.1):
    resolution: {integrity: sha512-ESJVM59mdyGpsiNAeHQOR/0fqNoOyWPYesFto8FFZugfmhdHx8Fzd8sF3Q/xkVhZsyOxHfdM7ieiVAorI9RjFw==}
    engines: {node: ^18.0.0 || >=20.0.0}
    hasBin: true
    peerDependencies:
      '@types/node': ^18.0.0 || >=20.0.0
      less: '*'
      lightningcss: ^1.21.0
      sass: '*'
      stylus: '*'
      sugarss: '*'
      terser: ^5.4.0
    peerDependenciesMeta:
      '@types/node':
        optional: true
      less:
        optional: true
      lightningcss:
        optional: true
      sass:
        optional: true
      stylus:
        optional: true
      sugarss:
        optional: true
      terser:
        optional: true
    dependencies:
      '@types/node': 20.9.1
      esbuild: 0.19.5
      postcss: 8.4.31
      rollup: 4.4.1
    optionalDependencies:
      fsevents: 2.3.3
    dev: true

  /vue-i18n@9.7.0(vue@3.3.8):
    resolution: {integrity: sha512-8Z8kSz9U2juzuAf+6mjW1HTd5pIlYuFJZkC+HvYOglFdpzwc2rTUGjxKwN8xGdtGur1MFnyJ44TSr+TksJtY8A==}
    engines: {node: '>= 16'}
    peerDependencies:
      vue: ^3.0.0
    dependencies:
      '@intlify/core-base': 9.7.0
      '@intlify/shared': 9.7.0
      '@vue/devtools-api': 6.5.0
      vue: 3.3.8(typescript@5.2.2)
    dev: false

  /vue-router@4.2.5(vue@3.3.8):
    resolution: {integrity: sha512-DIUpKcyg4+PTQKfFPX88UWhlagBEBEfJ5A8XDXRJLUnZOvcpMF8o/dnL90vpVkGaPbjvXazV/rC1qBKrZlFugw==}
    peerDependencies:
      vue: ^3.2.0
    dependencies:
      '@vue/devtools-api': 6.5.0
      vue: 3.3.8(typescript@5.2.2)
    dev: false

  /vue-template-compiler@2.7.14:
    resolution: {integrity: sha512-zyA5Y3ArvVG0NacJDkkzJuPQDF8RFeRlzV2vLeSnhSpieO6LK2OVbdLPi5MPPs09Ii+gMO8nY4S3iKQxBxDmWQ==}
    dependencies:
      de-indent: 1.0.2
      he: 1.2.0
    dev: true

  /vue-tsc@1.8.22(typescript@5.2.2):
    resolution: {integrity: sha512-j9P4kHtW6eEE08aS5McFZE/ivmipXy0JzrnTgbomfABMaVKx37kNBw//irL3+LlE3kOo63XpnRigyPC3w7+z+A==}
    hasBin: true
    peerDependencies:
      typescript: '*'
    dependencies:
      '@volar/typescript': 1.10.10
      '@vue/language-core': 1.8.22(typescript@5.2.2)
      semver: 7.5.4
      typescript: 5.2.2
    dev: true

  /vue@3.3.8(typescript@5.2.2):
    resolution: {integrity: sha512-5VSX/3DabBikOXMsxzlW8JyfeLKlG9mzqnWgLQLty88vdZL7ZJgrdgBOmrArwxiLtmS+lNNpPcBYqrhE6TQW5w==}
    peerDependencies:
      typescript: '*'
    peerDependenciesMeta:
      typescript:
        optional: true
    dependencies:
      '@vue/compiler-dom': 3.3.8
      '@vue/compiler-sfc': 3.3.8
      '@vue/runtime-dom': 3.3.8
      '@vue/server-renderer': 3.3.8(vue@3.3.8)
      '@vue/shared': 3.3.8
      typescript: 5.2.2

  /webpack-sources@3.2.3:
    resolution: {integrity: sha512-/DyMEOrDgLKKIG0fmvtz+4dUX/3Ghozwgm6iPp8KRhvn+eQf9+Q7GWxVNMk3+uCPWfdXYC4ExGBckIXdFEfH1w==}
    engines: {node: '>=10.13.0'}
    dev: false

  /webpack-virtual-modules@0.5.0:
    resolution: {integrity: sha512-kyDivFZ7ZM0BVOUteVbDFhlRt7Ah/CSPwJdi8hBpkK7QLumUqdLtVfm/PX/hkcnrvr0i77fO5+TjZ94Pe+C9iw==}
    dev: false

  /yallist@4.0.0:
    resolution: {integrity: sha512-3wdGidZyq5PB084XLES5TpOSRA3wjXAlIWMhum2kRcv/41Sn2emQ0dycQW4uZXLejwKvg6EsvbdlVL+FYEct7A==}

  /yaml-eslint-parser@1.2.2:
    resolution: {integrity: sha512-pEwzfsKbTrB8G3xc/sN7aw1v6A6c/pKxLAkjclnAyo5g5qOh6eL9WGu0o3cSDQZKrTNk4KL4lQSwZW+nBkANEg==}
    engines: {node: ^14.17.0 || >=16.0.0}
    dependencies:
      eslint-visitor-keys: 3.4.3
      lodash: 4.17.21
      yaml: 2.3.1
    dev: false

  /yaml@2.3.1:
    resolution: {integrity: sha512-2eHWfjaoXgTBC2jNM1LRef62VQa0umtvRiDSk6HSzW7RvS5YtkabJrwYLLEKWBc8a5U2PTSCs+dJjUTJdlHsWQ==}
    engines: {node: '>= 14'}
    dev: false
